
Microsoft Visual Studio Solution File, Format Version 12.00
# Visual Studio Version 17
VisualStudioVersion = 17.8.34322.80
MinimumVisualStudioVersion = 10.0.40219.1
Project("{FAE04EC0-301F-11D3-BF4B-00C04F79EFBC}") = "AdventOfCode2023", "AdventOfCode2023.csproj", "{EE204F7E-D99A-4FB3-BCBE-2A0DF8742FC2}"
EndProject
Global
	GlobalSection(SolutionConfigurationPlatforms) = preSolution
		Debug|Any CPU = Debug|Any CPU
		Release|Any CPU = Release|Any CPU
	EndGlobalSection
	GlobalSection(ProjectConfigurationPlatforms) = postSolution
		{EE204F7E-D99A-4FB3-BCBE-2A0DF8742FC2}.Debug|Any CPU.ActiveCfg = Debug|Any CPU
		{EE204F7E-D99A-4FB3-BCBE-2A0DF8742FC2}.Debug|Any CPU.Build.0 = Debug|Any CPU
		{EE204F7E-D99A-4FB3-BCBE-2A0DF8742FC2}.Release|Any CPU.ActiveCfg = Release|Any CPU
		{EE204F7E-D99A-4FB3-BCBE-2A0DF8742FC2}.Release|Any CPU.Build.0 = Release|Any CPU
	EndGlobalSection
	GlobalSection(SolutionProperties) = preSolution
		HideSolutionNode = FALSE
	EndGlobalSection
	GlobalSection(ExtensibilityGlobals) = postSolution
		SolutionGuid = {86FAA9E1-42B7-4A5E-B417-29045B0B39A9}
	EndGlobalSection
EndGlobal
